{
  "name": "child-process-thread",
  "version": "0.0.64",
  "lockfileVersion": 1,
  "requires": true,
  "dependencies": {
    "mime": {
      "version": "2.3.1",
      "resolved": "https://registry.npmjs.org/mime/-/mime-2.3.1.tgz",
      "integrity": "sha512-OEUllcVoydBHGN1z84yfQDimn58pZNNNXgZlHXSboxMlFvgI6MXSWpWKpFRra7H1HxpVhHTkrghfRW49k6yjeg==",
      "dev": true
    },
    "nan": {
      "version": "2.11.1",
      "resolved": "https://registry.npmjs.org/nan/-/nan-2.11.1.tgz",
      "integrity": "sha512-iji6k87OSXa0CcrLl9z+ZiYSuR2o+c0bGuNmXdrhTQTakxytAFsC56SArGYoiHlJlFoHSnvmhpceZJaXkVuOtA=="
    },
    "raw-buffer": {
      "version": "0.0.19",
      "resolved": "https://registry.npmjs.org/raw-buffer/-/raw-buffer-0.0.19.tgz",
      "integrity": "sha512-DLrbjmFL+buTT8JLQ41nhh89y7gglVufrl/PwicWecTb5HeSkNlURqnx8pYjDO8VX7zNv9QwahawmRTgRMtRVQ==",
      "requires": {
        "nan": "^2.10.0"
      }
    },
    "smiggles": {
      "version": "0.0.28",
      "resolved": "https://registry.npmjs.org/smiggles/-/smiggles-0.0.28.tgz",
      "integrity": "sha512-v6QAq07XmzH/4nmGUZci0xoYeBEZOHY8sBvUVHtegWLg4I1FbbrZRNR1Fx+PLOv7J4RKIFnF5IJl/doh18s5fQ=="
    },
    "window-fetch": {
      "version": "0.0.9",
      "resolved": "https://registry.npmjs.org/window-fetch/-/window-fetch-0.0.9.tgz",
      "integrity": "sha512-BxOTW+Wv1NyFxEjR01Cwusvwh5xlH6fyxj4MysqWjH3SeJP0wbpqlNZ8LBHkApNelvnZbuv2RhTbCWM1SPBZXg==",
      "dev": true,
      "requires": {
        "mime": "^2.3.1"
      }
    }
  }
}
